// !$*UTF8*$!
{
	archiveVersion = 1;
	classes = {
	};
	objectVersion = 56;
	objects = {

/* Begin PBXBuildFile section */
		A5BCE31E2C4AA6A3004BE4A8 /* ImageDownloader.swift in Sources */ = {isa = PBXBuildFile; fileRef = A5BCE31D2C4AA6A3004BE4A8 /* ImageDownloader.swift */; };
		A5BCE3202C4AA6BD004BE4A8 /* ImageStorage.swift in Sources */ = {isa = PBXBuildFile; fileRef = A5BCE31F2C4AA6BD004BE4A8 /* ImageStorage.swift */; };
		A5BCE3222C4AAD15004BE4A8 /* ManagerProtocols.swift in Sources */ = {isa = PBXBuildFile; fileRef = A5BCE3212C4AAD15004BE4A8 /* ManagerProtocols.swift */; };
		A5BCE3252C4E8C0A004BE4A8 /* SavedPicturesConfiguratorProtocol.swift in Sources */ = {isa = PBXBuildFile; fileRef = A5BCE3242C4E8C0A004BE4A8 /* SavedPicturesConfiguratorProtocol.swift */; };
		A5BCE3272C4E8C3F004BE4A8 /* SavedPicturesViewProtocol.swift in Sources */ = {isa = PBXBuildFile; fileRef = A5BCE3262C4E8C3F004BE4A8 /* SavedPicturesViewProtocol.swift */; };
		A5BCE3292C4E8CA4004BE4A8 /* SavedPicturesPresenterProtocol.swift in Sources */ = {isa = PBXBuildFile; fileRef = A5BCE3282C4E8CA4004BE4A8 /* SavedPicturesPresenterProtocol.swift */; };
		A5BCE32B2C4E8CDA004BE4A8 /* SavedPicturesInteractorProtocol.swift in Sources */ = {isa = PBXBuildFile; fileRef = A5BCE32A2C4E8CDA004BE4A8 /* SavedPicturesInteractorProtocol.swift */; };
		A5BCE32D2C4E8E7E004BE4A8 /* TabbarViewProtocol.swift in Sources */ = {isa = PBXBuildFile; fileRef = A5BCE32C2C4E8E7E004BE4A8 /* TabbarViewProtocol.swift */; };
		A5BCE32F2C4E8E9C004BE4A8 /* TabbarConfiguratorProtocol.swift in Sources */ = {isa = PBXBuildFile; fileRef = A5BCE32E2C4E8E9C004BE4A8 /* TabbarConfiguratorProtocol.swift */; };
		A5BCE3312C4E8F4F004BE4A8 /* DownloaderViewProtocol.swift in Sources */ = {isa = PBXBuildFile; fileRef = A5BCE3302C4E8F4F004BE4A8 /* DownloaderViewProtocol.swift */; };
		A5BCE3332C4E8F78004BE4A8 /* DownloaderPresenterProtocol.swift in Sources */ = {isa = PBXBuildFile; fileRef = A5BCE3322C4E8F78004BE4A8 /* DownloaderPresenterProtocol.swift */; };
		A5BCE3352C4E8FBF004BE4A8 /* DownloaderInteractorProtocol.swift in Sources */ = {isa = PBXBuildFile; fileRef = A5BCE3342C4E8FBF004BE4A8 /* DownloaderInteractorProtocol.swift */; };
		A5BCE3372C4E8FFA004BE4A8 /* DownloaderConfiguratorProtocol.swift in Sources */ = {isa = PBXBuildFile; fileRef = A5BCE3362C4E8FFA004BE4A8 /* DownloaderConfiguratorProtocol.swift */; };
		A5BCE3392C4EB104004BE4A8 /* DownloaderTextFieldDelegate.swift in Sources */ = {isa = PBXBuildFile; fileRef = A5BCE3382C4EB104004BE4A8 /* DownloaderTextFieldDelegate.swift */; };
		A5BCE33B2C4FB3F9004BE4A8 /* SavedPictureCell.swift in Sources */ = {isa = PBXBuildFile; fileRef = A5BCE33A2C4FB3F9004BE4A8 /* SavedPictureCell.swift */; };
		A5BCE33D2C52454E004BE4A8 /* ImageEncryptor.swift in Sources */ = {isa = PBXBuildFile; fileRef = A5BCE33C2C52454E004BE4A8 /* ImageEncryptor.swift */; };
		A5BCE33F2C5270CB004BE4A8 /* KeychainHelper.swift in Sources */ = {isa = PBXBuildFile; fileRef = A5BCE33E2C5270CB004BE4A8 /* KeychainHelper.swift */; };
		A5BCE3412C52AA49004BE4A8 /* Extension.swift in Sources */ = {isa = PBXBuildFile; fileRef = A5BCE3402C52AA49004BE4A8 /* Extension.swift */; };
		A5BCE3442C53A217004BE4A8 /* SavedPicturesRouter.swift in Sources */ = {isa = PBXBuildFile; fileRef = A5BCE3432C53A217004BE4A8 /* SavedPicturesRouter.swift */; };
		A5BCE34C2C53A396004BE4A8 /* ImageDetailViewController.swift in Sources */ = {isa = PBXBuildFile; fileRef = A5BCE34B2C53A396004BE4A8 /* ImageDetailViewController.swift */; };
		A5BCE34E2C53A44B004BE4A8 /* ImageDetailConfigurator.swift in Sources */ = {isa = PBXBuildFile; fileRef = A5BCE34D2C53A44B004BE4A8 /* ImageDetailConfigurator.swift */; };
		A5BCE3502C53A6F5004BE4A8 /* SavedPicturesRouterInputProtocol.swift in Sources */ = {isa = PBXBuildFile; fileRef = A5BCE34F2C53A6F5004BE4A8 /* SavedPicturesRouterInputProtocol.swift */; };
		A5BCE3522C53DB4F004BE4A8 /* ImageDetailPresenter.swift in Sources */ = {isa = PBXBuildFile; fileRef = A5BCE3512C53DB4F004BE4A8 /* ImageDetailPresenter.swift */; };
		A5BCE3542C53DB9B004BE4A8 /* ImageDetailOutputProtocol.swift in Sources */ = {isa = PBXBuildFile; fileRef = A5BCE3532C53DB9B004BE4A8 /* ImageDetailOutputProtocol.swift */; };
		A5BCE3562C53DF22004BE4A8 /* ImageDetailRouter.swift in Sources */ = {isa = PBXBuildFile; fileRef = A5BCE3552C53DF22004BE4A8 /* ImageDetailRouter.swift */; };
		A5BCE3582C53E002004BE4A8 /* ImageDetailRouterInputProtocol.swift in Sources */ = {isa = PBXBuildFile; fileRef = A5BCE3572C53E002004BE4A8 /* ImageDetailRouterInputProtocol.swift */; };
		A5BCE35A2C53E093004BE4A8 /* ImageDetailViewInputProtocol.swift in Sources */ = {isa = PBXBuildFile; fileRef = A5BCE3592C53E093004BE4A8 /* ImageDetailViewInputProtocol.swift */; };
		A5BCE35E2C57CF95004BE4A8 /* CarouselFlowLayout.swift in Sources */ = {isa = PBXBuildFile; fileRef = A5BCE35D2C57CF95004BE4A8 /* CarouselFlowLayout.swift */; };
		A5BCE3932C610FBD004BE4A8 /* TabbarPresenter.swift in Sources */ = {isa = PBXBuildFile; fileRef = A5BCE3922C610FBD004BE4A8 /* TabbarPresenter.swift */; };
		A5BCE3962C611049004BE4A8 /* TabbarOutputProtocol.swift in Sources */ = {isa = PBXBuildFile; fileRef = A5BCE3952C611049004BE4A8 /* TabbarOutputProtocol.swift */; };
		A5BCE3992C621B05004BE4A8 /* TabbarInteractor.swift in Sources */ = {isa = PBXBuildFile; fileRef = A5BCE3982C621B05004BE4A8 /* TabbarInteractor.swift */; };
		A5BCE39B2C621B57004BE4A8 /* TabbarInteractorInputProtocol.swift in Sources */ = {isa = PBXBuildFile; fileRef = A5BCE39A2C621B57004BE4A8 /* TabbarInteractorInputProtocol.swift */; };
		A5BCE39D2C622884004BE4A8 /* DeepLinkHandler.swift in Sources */ = {isa = PBXBuildFile; fileRef = A5BCE39C2C622884004BE4A8 /* DeepLinkHandler.swift */; };
		A5BCE39F2C6399D4004BE4A8 /* NotificationManager.swift in Sources */ = {isa = PBXBuildFile; fileRef = A5BCE39E2C6399D4004BE4A8 /* NotificationManager.swift */; };
		A5CB6D272C45075A00AF032B /* AppDelegate.swift in Sources */ = {isa = PBXBuildFile; fileRef = A5CB6D262C45075A00AF032B /* AppDelegate.swift */; };
		A5CB6D292C45075A00AF032B /* SceneDelegate.swift in Sources */ = {isa = PBXBuildFile; fileRef = A5CB6D282C45075A00AF032B /* SceneDelegate.swift */; };
		A5CB6D2B2C45075A00AF032B /* DownloaderViewController.swift in Sources */ = {isa = PBXBuildFile; fileRef = A5CB6D2A2C45075A00AF032B /* DownloaderViewController.swift */; };
		A5CB6D302C45075B00AF032B /* Assets.xcassets in Resources */ = {isa = PBXBuildFile; fileRef = A5CB6D2F2C45075B00AF032B /* Assets.xcassets */; };
		A5CB6D332C45075B00AF032B /* LaunchScreen.storyboard in Resources */ = {isa = PBXBuildFile; fileRef = A5CB6D312C45075B00AF032B /* LaunchScreen.storyboard */; };
		A5CB6D402C450EE300AF032B /* DownloaderConfigurator.swift in Sources */ = {isa = PBXBuildFile; fileRef = A5CB6D3F2C450EE300AF032B /* DownloaderConfigurator.swift */; };
		A5CB6D492C451E6200AF032B /* DownloaderPresenter.swift in Sources */ = {isa = PBXBuildFile; fileRef = A5CB6D482C451E6200AF032B /* DownloaderPresenter.swift */; };
		A5CB6D4B2C452B4B00AF032B /* DownloaderInteractor.swift in Sources */ = {isa = PBXBuildFile; fileRef = A5CB6D4A2C452B4B00AF032B /* DownloaderInteractor.swift */; };
		A5CB6D522C45419700AF032B /* TabbarController.swift in Sources */ = {isa = PBXBuildFile; fileRef = A5CB6D512C45419700AF032B /* TabbarController.swift */; };
		A5CB6D552C4543D900AF032B /* SavedPicturesViewController.swift in Sources */ = {isa = PBXBuildFile; fileRef = A5CB6D542C4543D900AF032B /* SavedPicturesViewController.swift */; };
		A5CB6D5C2C457DE700AF032B /* SavedPicturesPresenter.swift in Sources */ = {isa = PBXBuildFile; fileRef = A5CB6D5B2C457DE700AF032B /* SavedPicturesPresenter.swift */; };
		A5CB6D5E2C45802E00AF032B /* SavedPicturesDataSource.swift in Sources */ = {isa = PBXBuildFile; fileRef = A5CB6D5D2C45802E00AF032B /* SavedPicturesDataSource.swift */; };
		A5CB6D602C4580BA00AF032B /* SavedPicturesDelegate.swift in Sources */ = {isa = PBXBuildFile; fileRef = A5CB6D5F2C4580BA00AF032B /* SavedPicturesDelegate.swift */; };
		A5CB6D632C45842900AF032B /* SavedPicturesInteractor.swift in Sources */ = {isa = PBXBuildFile; fileRef = A5CB6D622C45842900AF032B /* SavedPicturesInteractor.swift */; };
		A5CB6D662C4584D000AF032B /* SavedPicturesConfigurator.swift in Sources */ = {isa = PBXBuildFile; fileRef = A5CB6D652C4584D000AF032B /* SavedPicturesConfigurator.swift */; };
		A5CB6D682C465C7400AF032B /* Constants.swift in Sources */ = {isa = PBXBuildFile; fileRef = A5CB6D672C465C7400AF032B /* Constants.swift */; };
		A5CB6D6E2C4685DE00AF032B /* TabbarConfigurator.swift in Sources */ = {isa = PBXBuildFile; fileRef = A5CB6D6D2C4685DE00AF032B /* TabbarConfigurator.swift */; };
/* End PBXBuildFile section */

/* Begin PBXFileReference section */
		A5BCE31D2C4AA6A3004BE4A8 /* ImageDownloader.swift */ = {isa = PBXFileReference; lastKnownFileType = sourcecode.swift; path = ImageDownloader.swift; sourceTree = "<group>"; };
		A5BCE31F2C4AA6BD004BE4A8 /* ImageStorage.swift */ = {isa = PBXFileReference; lastKnownFileType = sourcecode.swift; path = ImageStorage.swift; sourceTree = "<group>"; };
		A5BCE3212C4AAD15004BE4A8 /* ManagerProtocols.swift */ = {isa = PBXFileReference; lastKnownFileType = sourcecode.swift; path = ManagerProtocols.swift; sourceTree = "<group>"; };
		A5BCE3242C4E8C0A004BE4A8 /* SavedPicturesConfiguratorProtocol.swift */ = {isa = PBXFileReference; lastKnownFileType = sourcecode.swift; path = SavedPicturesConfiguratorProtocol.swift; sourceTree = "<group>"; };
		A5BCE3262C4E8C3F004BE4A8 /* SavedPicturesViewProtocol.swift */ = {isa = PBXFileReference; lastKnownFileType = sourcecode.swift; path = SavedPicturesViewProtocol.swift; sourceTree = "<group>"; };
		A5BCE3282C4E8CA4004BE4A8 /* SavedPicturesPresenterProtocol.swift */ = {isa = PBXFileReference; lastKnownFileType = sourcecode.swift; path = SavedPicturesPresenterProtocol.swift; sourceTree = "<group>"; };
		A5BCE32A2C4E8CDA004BE4A8 /* SavedPicturesInteractorProtocol.swift */ = {isa = PBXFileReference; lastKnownFileType = sourcecode.swift; path = SavedPicturesInteractorProtocol.swift; sourceTree = "<group>"; };
		A5BCE32C2C4E8E7E004BE4A8 /* TabbarViewProtocol.swift */ = {isa = PBXFileReference; lastKnownFileType = sourcecode.swift; path = TabbarViewProtocol.swift; sourceTree = "<group>"; };
		A5BCE32E2C4E8E9C004BE4A8 /* TabbarConfiguratorProtocol.swift */ = {isa = PBXFileReference; lastKnownFileType = sourcecode.swift; path = TabbarConfiguratorProtocol.swift; sourceTree = "<group>"; };
		A5BCE3302C4E8F4F004BE4A8 /* DownloaderViewProtocol.swift */ = {isa = PBXFileReference; lastKnownFileType = sourcecode.swift; path = DownloaderViewProtocol.swift; sourceTree = "<group>"; };
		A5BCE3322C4E8F78004BE4A8 /* DownloaderPresenterProtocol.swift */ = {isa = PBXFileReference; lastKnownFileType = sourcecode.swift; path = DownloaderPresenterProtocol.swift; sourceTree = "<group>"; };
		A5BCE3342C4E8FBF004BE4A8 /* DownloaderInteractorProtocol.swift */ = {isa = PBXFileReference; lastKnownFileType = sourcecode.swift; path = DownloaderInteractorProtocol.swift; sourceTree = "<group>"; };
		A5BCE3362C4E8FFA004BE4A8 /* DownloaderConfiguratorProtocol.swift */ = {isa = PBXFileReference; lastKnownFileType = sourcecode.swift; path = DownloaderConfiguratorProtocol.swift; sourceTree = "<group>"; };
		A5BCE3382C4EB104004BE4A8 /* DownloaderTextFieldDelegate.swift */ = {isa = PBXFileReference; lastKnownFileType = sourcecode.swift; path = DownloaderTextFieldDelegate.swift; sourceTree = "<group>"; };
		A5BCE33A2C4FB3F9004BE4A8 /* SavedPictureCell.swift */ = {isa = PBXFileReference; lastKnownFileType = sourcecode.swift; path = SavedPictureCell.swift; sourceTree = "<group>"; };
		A5BCE33C2C52454E004BE4A8 /* ImageEncryptor.swift */ = {isa = PBXFileReference; lastKnownFileType = sourcecode.swift; path = ImageEncryptor.swift; sourceTree = "<group>"; };
		A5BCE33E2C5270CB004BE4A8 /* KeychainHelper.swift */ = {isa = PBXFileReference; lastKnownFileType = sourcecode.swift; path = KeychainHelper.swift; sourceTree = "<group>"; };
		A5BCE3402C52AA49004BE4A8 /* Extension.swift */ = {isa = PBXFileReference; lastKnownFileType = sourcecode.swift; path = Extension.swift; sourceTree = "<group>"; };
		A5BCE3432C53A217004BE4A8 /* SavedPicturesRouter.swift */ = {isa = PBXFileReference; lastKnownFileType = sourcecode.swift; path = SavedPicturesRouter.swift; sourceTree = "<group>"; };
		A5BCE34B2C53A396004BE4A8 /* ImageDetailViewController.swift */ = {isa = PBXFileReference; lastKnownFileType = sourcecode.swift; path = ImageDetailViewController.swift; sourceTree = "<group>"; };
		A5BCE34D2C53A44B004BE4A8 /* ImageDetailConfigurator.swift */ = {isa = PBXFileReference; lastKnownFileType = sourcecode.swift; path = ImageDetailConfigurator.swift; sourceTree = "<group>"; };
		A5BCE34F2C53A6F5004BE4A8 /* SavedPicturesRouterInputProtocol.swift */ = {isa = PBXFileReference; lastKnownFileType = sourcecode.swift; path = SavedPicturesRouterInputProtocol.swift; sourceTree = "<group>"; };
		A5BCE3512C53DB4F004BE4A8 /* ImageDetailPresenter.swift */ = {isa = PBXFileReference; lastKnownFileType = sourcecode.swift; path = ImageDetailPresenter.swift; sourceTree = "<group>"; };
		A5BCE3532C53DB9B004BE4A8 /* ImageDetailOutputProtocol.swift */ = {isa = PBXFileReference; lastKnownFileType = sourcecode.swift; path = ImageDetailOutputProtocol.swift; sourceTree = "<group>"; };
		A5BCE3552C53DF22004BE4A8 /* ImageDetailRouter.swift */ = {isa = PBXFileReference; lastKnownFileType = sourcecode.swift; path = ImageDetailRouter.swift; sourceTree = "<group>"; };
		A5BCE3572C53E002004BE4A8 /* ImageDetailRouterInputProtocol.swift */ = {isa = PBXFileReference; lastKnownFileType = sourcecode.swift; path = ImageDetailRouterInputProtocol.swift; sourceTree = "<group>"; };
		A5BCE3592C53E093004BE4A8 /* ImageDetailViewInputProtocol.swift */ = {isa = PBXFileReference; lastKnownFileType = sourcecode.swift; path = ImageDetailViewInputProtocol.swift; sourceTree = "<group>"; };
		A5BCE35D2C57CF95004BE4A8 /* CarouselFlowLayout.swift */ = {isa = PBXFileReference; lastKnownFileType = sourcecode.swift; path = CarouselFlowLayout.swift; sourceTree = "<group>"; };
		A5BCE3922C610FBD004BE4A8 /* TabbarPresenter.swift */ = {isa = PBXFileReference; lastKnownFileType = sourcecode.swift; path = TabbarPresenter.swift; sourceTree = "<group>"; };
		A5BCE3952C611049004BE4A8 /* TabbarOutputProtocol.swift */ = {isa = PBXFileReference; lastKnownFileType = sourcecode.swift; path = TabbarOutputProtocol.swift; sourceTree = "<group>"; };
		A5BCE3982C621B05004BE4A8 /* TabbarInteractor.swift */ = {isa = PBXFileReference; lastKnownFileType = sourcecode.swift; path = TabbarInteractor.swift; sourceTree = "<group>"; };
		A5BCE39A2C621B57004BE4A8 /* TabbarInteractorInputProtocol.swift */ = {isa = PBXFileReference; lastKnownFileType = sourcecode.swift; path = TabbarInteractorInputProtocol.swift; sourceTree = "<group>"; };
		A5BCE39C2C622884004BE4A8 /* DeepLinkHandler.swift */ = {isa = PBXFileReference; lastKnownFileType = sourcecode.swift; path = DeepLinkHandler.swift; sourceTree = "<group>"; };
		A5BCE39E2C6399D4004BE4A8 /* NotificationManager.swift */ = {isa = PBXFileReference; lastKnownFileType = sourcecode.swift; path = NotificationManager.swift; sourceTree = "<group>"; };
		A5CB6D232C45075A00AF032B /* pictureDownloader.app */ = {isa = PBXFileReference; explicitFileType = wrapper.application; includeInIndex = 0; path = pictureDownloader.app; sourceTree = BUILT_PRODUCTS_DIR; };
		A5CB6D262C45075A00AF032B /* AppDelegate.swift */ = {isa = PBXFileReference; lastKnownFileType = sourcecode.swift; path = AppDelegate.swift; sourceTree = "<group>"; };
		A5CB6D282C45075A00AF032B /* SceneDelegate.swift */ = {isa = PBXFileReference; lastKnownFileType = sourcecode.swift; path = SceneDelegate.swift; sourceTree = "<group>"; };
		A5CB6D2A2C45075A00AF032B /* DownloaderViewController.swift */ = {isa = PBXFileReference; lastKnownFileType = sourcecode.swift; path = DownloaderViewController.swift; sourceTree = "<group>"; };
		A5CB6D2F2C45075B00AF032B /* Assets.xcassets */ = {isa = PBXFileReference; lastKnownFileType = folder.assetcatalog; path = Assets.xcassets; sourceTree = "<group>"; };
		A5CB6D322C45075B00AF032B /* Base */ = {isa = PBXFileReference; lastKnownFileType = file.storyboard; name = Base; path = Base.lproj/LaunchScreen.storyboard; sourceTree = "<group>"; };
		A5CB6D342C45075B00AF032B /* Info.plist */ = {isa = PBXFileReference; lastKnownFileType = text.plist.xml; path = Info.plist; sourceTree = "<group>"; };
		A5CB6D3F2C450EE300AF032B /* DownloaderConfigurator.swift */ = {isa = PBXFileReference; lastKnownFileType = sourcecode.swift; path = DownloaderConfigurator.swift; sourceTree = "<group>"; };
		A5CB6D482C451E6200AF032B /* DownloaderPresenter.swift */ = {isa = PBXFileReference; lastKnownFileType = sourcecode.swift; path = DownloaderPresenter.swift; sourceTree = "<group>"; };
		A5CB6D4A2C452B4B00AF032B /* DownloaderInteractor.swift */ = {isa = PBXFileReference; lastKnownFileType = sourcecode.swift; path = DownloaderInteractor.swift; sourceTree = "<group>"; };
		A5CB6D512C45419700AF032B /* TabbarController.swift */ = {isa = PBXFileReference; lastKnownFileType = sourcecode.swift; path = TabbarController.swift; sourceTree = "<group>"; };
		A5CB6D542C4543D900AF032B /* SavedPicturesViewController.swift */ = {isa = PBXFileReference; lastKnownFileType = sourcecode.swift; path = SavedPicturesViewController.swift; sourceTree = "<group>"; };
		A5CB6D5B2C457DE700AF032B /* SavedPicturesPresenter.swift */ = {isa = PBXFileReference; lastKnownFileType = sourcecode.swift; path = SavedPicturesPresenter.swift; sourceTree = "<group>"; };
		A5CB6D5D2C45802E00AF032B /* SavedPicturesDataSource.swift */ = {isa = PBXFileReference; lastKnownFileType = sourcecode.swift; path = SavedPicturesDataSource.swift; sourceTree = "<group>"; };
		A5CB6D5F2C4580BA00AF032B /* SavedPicturesDelegate.swift */ = {isa = PBXFileReference; lastKnownFileType = sourcecode.swift; path = SavedPicturesDelegate.swift; sourceTree = "<group>"; };
		A5CB6D622C45842900AF032B /* SavedPicturesInteractor.swift */ = {isa = PBXFileReference; lastKnownFileType = sourcecode.swift; path = SavedPicturesInteractor.swift; sourceTree = "<group>"; };
		A5CB6D652C4584D000AF032B /* SavedPicturesConfigurator.swift */ = {isa = PBXFileReference; lastKnownFileType = sourcecode.swift; path = SavedPicturesConfigurator.swift; sourceTree = "<group>"; };
		A5CB6D672C465C7400AF032B /* Constants.swift */ = {isa = PBXFileReference; lastKnownFileType = sourcecode.swift; path = Constants.swift; sourceTree = "<group>"; };
		A5CB6D6D2C4685DE00AF032B /* TabbarConfigurator.swift */ = {isa = PBXFileReference; lastKnownFileType = sourcecode.swift; path = TabbarConfigurator.swift; sourceTree = "<group>"; };
/* End PBXFileReference section */

/* Begin PBXFrameworksBuildPhase section */
		A5CB6D202C45075A00AF032B /* Frameworks */ = {
			isa = PBXFrameworksBuildPhase;
			buildActionMask = 2147483647;
			files = (
			);
			runOnlyForDeploymentPostprocessing = 0;
		};
/* End PBXFrameworksBuildPhase section */

/* Begin PBXGroup section */
		A5BCE31C2C4822BF004BE4A8 /* Managers */ = {
			isa = PBXGroup;
			children = (
				A5BCE31D2C4AA6A3004BE4A8 /* ImageDownloader.swift */,
				A5BCE31F2C4AA6BD004BE4A8 /* ImageStorage.swift */,
				A5BCE33C2C52454E004BE4A8 /* ImageEncryptor.swift */,
				A5BCE33E2C5270CB004BE4A8 /* KeychainHelper.swift */,
				A5BCE3212C4AAD15004BE4A8 /* ManagerProtocols.swift */,
				A5BCE39C2C622884004BE4A8 /* DeepLinkHandler.swift */,
				A5BCE39E2C6399D4004BE4A8 /* NotificationManager.swift */,
			);
			path = Managers;
			sourceTree = "<group>";
		};
		A5BCE3422C53A1D6004BE4A8 /* Router */ = {
			isa = PBXGroup;
			children = (
				A5BCE3432C53A217004BE4A8 /* SavedPicturesRouter.swift */,
				A5BCE34F2C53A6F5004BE4A8 /* SavedPicturesRouterInputProtocol.swift */,
			);
			path = Router;
			sourceTree = "<group>";
		};
		A5BCE3452C53A2AD004BE4A8 /* ImageDetailModule */ = {
			isa = PBXGroup;
			children = (
				A5BCE34A2C53A327004BE4A8 /* Router */,
				A5BCE3492C53A31B004BE4A8 /* View */,
				A5BCE3482C53A305004BE4A8 /* Presenter */,
				A5BCE3462C53A2E3004BE4A8 /* Configurator */,
			);
			path = ImageDetailModule;
			sourceTree = "<group>";
		};
		A5BCE3462C53A2E3004BE4A8 /* Configurator */ = {
			isa = PBXGroup;
			children = (
				A5BCE34D2C53A44B004BE4A8 /* ImageDetailConfigurator.swift */,
			);
			path = Configurator;
			sourceTree = "<group>";
		};
		A5BCE3482C53A305004BE4A8 /* Presenter */ = {
			isa = PBXGroup;
			children = (
				A5BCE3512C53DB4F004BE4A8 /* ImageDetailPresenter.swift */,
				A5BCE3532C53DB9B004BE4A8 /* ImageDetailOutputProtocol.swift */,
			);
			path = Presenter;
			sourceTree = "<group>";
		};
		A5BCE3492C53A31B004BE4A8 /* View */ = {
			isa = PBXGroup;
			children = (
				A5BCE34B2C53A396004BE4A8 /* ImageDetailViewController.swift */,
				A5BCE3592C53E093004BE4A8 /* ImageDetailViewInputProtocol.swift */,
			);
			path = View;
			sourceTree = "<group>";
		};
		A5BCE34A2C53A327004BE4A8 /* Router */ = {
			isa = PBXGroup;
			children = (
				A5BCE3552C53DF22004BE4A8 /* ImageDetailRouter.swift */,
				A5BCE3572C53E002004BE4A8 /* ImageDetailRouterInputProtocol.swift */,
			);
			path = Router;
			sourceTree = "<group>";
		};
		A5BCE3912C610EAB004BE4A8 /* Presenter */ = {
			isa = PBXGroup;
			children = (
				A5BCE3922C610FBD004BE4A8 /* TabbarPresenter.swift */,
				A5BCE3952C611049004BE4A8 /* TabbarOutputProtocol.swift */,
			);
			path = Presenter;
			sourceTree = "<group>";
		};
		A5BCE3972C621AC7004BE4A8 /* Interactor */ = {
			isa = PBXGroup;
			children = (
				A5BCE3982C621B05004BE4A8 /* TabbarInteractor.swift */,
				A5BCE39A2C621B57004BE4A8 /* TabbarInteractorInputProtocol.swift */,
			);
			path = Interactor;
			sourceTree = "<group>";
		};
		A5CB6D1A2C45075A00AF032B = {
			isa = PBXGroup;
			children = (
				A5CB6D252C45075A00AF032B /* pictureDownloader */,
				A5CB6D242C45075A00AF032B /* Products */,
			);
			sourceTree = "<group>";
		};
		A5CB6D242C45075A00AF032B /* Products */ = {
			isa = PBXGroup;
			children = (
				A5CB6D232C45075A00AF032B /* pictureDownloader.app */,
			);
			name = Products;
			sourceTree = "<group>";
		};
		A5CB6D252C45075A00AF032B /* pictureDownloader */ = {
			isa = PBXGroup;
			children = (
				A5BCE31C2C4822BF004BE4A8 /* Managers */,
				A5CB6D4C2C453F5B00AF032B /* TabBarModule */,
				A5BCE3452C53A2AD004BE4A8 /* ImageDetailModule */,
				A5CB6D3D2C450D2300AF032B /* SavedPicturesModule */,
				A5CB6D3A2C450CEA00AF032B /* DownloaderModule */,
				A5CB6D262C45075A00AF032B /* AppDelegate.swift */,
				A5CB6D282C45075A00AF032B /* SceneDelegate.swift */,
				A5CB6D672C465C7400AF032B /* Constants.swift */,
				A5BCE3402C52AA49004BE4A8 /* Extension.swift */,
				A5CB6D2F2C45075B00AF032B /* Assets.xcassets */,
				A5CB6D312C45075B00AF032B /* LaunchScreen.storyboard */,
				A5CB6D342C45075B00AF032B /* Info.plist */,
			);
			path = pictureDownloader;
			sourceTree = "<group>";
		};
		A5CB6D3A2C450CEA00AF032B /* DownloaderModule */ = {
			isa = PBXGroup;
			children = (
				A5BCE3382C4EB104004BE4A8 /* DownloaderTextFieldDelegate.swift */,
				A5CB6D452C450F5A00AF032B /* View */,
				A5CB6D442C450F4200AF032B /* Interactor */,
				A5CB6D432C450F3900AF032B /* Presenter */,
				A5CB6D3E2C450E5A00AF032B /* Configurator */,
			);
			path = DownloaderModule;
			sourceTree = "<group>";
		};
		A5CB6D3D2C450D2300AF032B /* SavedPicturesModule */ = {
			isa = PBXGroup;
			children = (
				A5CB6D5D2C45802E00AF032B /* SavedPicturesDataSource.swift */,
				A5CB6D5F2C4580BA00AF032B /* SavedPicturesDelegate.swift */,
				A5CB6D642C4584B300AF032B /* Configurator */,
				A5CB6D612C4583F600AF032B /* Interactor */,
				A5CB6D5A2C457AA100AF032B /* Presenter */,
				A5CB6D532C4543B700AF032B /* View */,
				A5BCE3422C53A1D6004BE4A8 /* Router */,
			);
			path = SavedPicturesModule;
			sourceTree = "<group>";
		};
		A5CB6D3E2C450E5A00AF032B /* Configurator */ = {
			isa = PBXGroup;
			children = (
				A5CB6D3F2C450EE300AF032B /* DownloaderConfigurator.swift */,
				A5BCE3362C4E8FFA004BE4A8 /* DownloaderConfiguratorProtocol.swift */,
			);
			path = Configurator;
			sourceTree = "<group>";
		};
		A5CB6D432C450F3900AF032B /* Presenter */ = {
			isa = PBXGroup;
			children = (
				A5CB6D482C451E6200AF032B /* DownloaderPresenter.swift */,
				A5BCE3322C4E8F78004BE4A8 /* DownloaderPresenterProtocol.swift */,
			);
			path = Presenter;
			sourceTree = "<group>";
		};
		A5CB6D442C450F4200AF032B /* Interactor */ = {
			isa = PBXGroup;
			children = (
				A5CB6D4A2C452B4B00AF032B /* DownloaderInteractor.swift */,
				A5BCE3342C4E8FBF004BE4A8 /* DownloaderInteractorProtocol.swift */,
			);
			path = Interactor;
			sourceTree = "<group>";
		};
		A5CB6D452C450F5A00AF032B /* View */ = {
			isa = PBXGroup;
			children = (
				A5CB6D2A2C45075A00AF032B /* DownloaderViewController.swift */,
				A5BCE3302C4E8F4F004BE4A8 /* DownloaderViewProtocol.swift */,
			);
			path = View;
			sourceTree = "<group>";
		};
		A5CB6D4C2C453F5B00AF032B /* TabBarModule */ = {
			isa = PBXGroup;
			children = (
				A5BCE3972C621AC7004BE4A8 /* Interactor */,
				A5BCE3912C610EAB004BE4A8 /* Presenter */,
				A5CB6D502C45412100AF032B /* Configurator */,
				A5CB6D4D2C453F6B00AF032B /* View */,
			);
			path = TabBarModule;
			sourceTree = "<group>";
		};
		A5CB6D4D2C453F6B00AF032B /* View */ = {
			isa = PBXGroup;
			children = (
				A5CB6D512C45419700AF032B /* TabbarController.swift */,
				A5BCE32C2C4E8E7E004BE4A8 /* TabbarViewProtocol.swift */,
			);
			path = View;
			sourceTree = "<group>";
		};
		A5CB6D502C45412100AF032B /* Configurator */ = {
			isa = PBXGroup;
			children = (
				A5CB6D6D2C4685DE00AF032B /* TabbarConfigurator.swift */,
				A5BCE32E2C4E8E9C004BE4A8 /* TabbarConfiguratorProtocol.swift */,
			);
			path = Configurator;
			sourceTree = "<group>";
		};
		A5CB6D532C4543B700AF032B /* View */ = {
			isa = PBXGroup;
			children = (
				A5CB6D542C4543D900AF032B /* SavedPicturesViewController.swift */,
				A5BCE33A2C4FB3F9004BE4A8 /* SavedPictureCell.swift */,
				A5BCE3262C4E8C3F004BE4A8 /* SavedPicturesViewProtocol.swift */,
				A5BCE35D2C57CF95004BE4A8 /* CarouselFlowLayout.swift */,
			);
			path = View;
			sourceTree = "<group>";
		};
		A5CB6D5A2C457AA100AF032B /* Presenter */ = {
			isa = PBXGroup;
			children = (
				A5CB6D5B2C457DE700AF032B /* SavedPicturesPresenter.swift */,
				A5BCE3282C4E8CA4004BE4A8 /* SavedPicturesPresenterProtocol.swift */,
			);
			path = Presenter;
			sourceTree = "<group>";
		};
		A5CB6D612C4583F600AF032B /* Interactor */ = {
			isa = PBXGroup;
			children = (
				A5CB6D622C45842900AF032B /* SavedPicturesInteractor.swift */,
				A5BCE32A2C4E8CDA004BE4A8 /* SavedPicturesInteractorProtocol.swift */,
			);
			path = Interactor;
			sourceTree = "<group>";
		};
		A5CB6D642C4584B300AF032B /* Configurator */ = {
			isa = PBXGroup;
			children = (
				A5CB6D652C4584D000AF032B /* SavedPicturesConfigurator.swift */,
				A5BCE3242C4E8C0A004BE4A8 /* SavedPicturesConfiguratorProtocol.swift */,
			);
			path = Configurator;
			sourceTree = "<group>";
		};
/* End PBXGroup section */

/* Begin PBXNativeTarget section */
		A5CB6D222C45075A00AF032B /* pictureDownloader */ = {
			isa = PBXNativeTarget;
			buildConfigurationList = A5CB6D372C45075B00AF032B /* Build configuration list for PBXNativeTarget "pictureDownloader" */;
			buildPhases = (
				A5CB6D1F2C45075A00AF032B /* Sources */,
				A5CB6D202C45075A00AF032B /* Frameworks */,
				A5CB6D212C45075A00AF032B /* Resources */,
			);
			buildRules = (
			);
			dependencies = (
			);
			name = pictureDownloader;
			productName = pictureDownloader;
			productReference = A5CB6D232C45075A00AF032B /* pictureDownloader.app */;
			productType = "com.apple.product-type.application";
		};
/* End PBXNativeTarget section */

/* Begin PBXProject section */
		A5CB6D1B2C45075A00AF032B /* Project object */ = {
			isa = PBXProject;
			attributes = {
				BuildIndependentTargetsInParallel = 1;
				LastSwiftUpdateCheck = 1430;
				LastUpgradeCheck = 1430;
				TargetAttributes = {
					A5CB6D222C45075A00AF032B = {
						CreatedOnToolsVersion = 14.3;
					};
				};
			};
			buildConfigurationList = A5CB6D1E2C45075A00AF032B /* Build configuration list for PBXProject "pictureDownloader" */;
			compatibilityVersion = "Xcode 14.0";
			developmentRegion = en;
			hasScannedForEncodings = 0;
			knownRegions = (
				en,
				Base,
			);
			mainGroup = A5CB6D1A2C45075A00AF032B;
			productRefGroup = A5CB6D242C45075A00AF032B /* Products */;
			projectDirPath = "";
			projectRoot = "";
			targets = (
				A5CB6D222C45075A00AF032B /* pictureDownloader */,
			);
		};
/* End PBXProject section */

/* Begin PBXResourcesBuildPhase section */
		A5CB6D212C45075A00AF032B /* Resources */ = {
			isa = PBXResourcesBuildPhase;
			buildActionMask = 2147483647;
			files = (
				A5CB6D332C45075B00AF032B /* LaunchScreen.storyboard in Resources */,
				A5CB6D302C45075B00AF032B /* Assets.xcassets in Resources */,
			);
			runOnlyForDeploymentPostprocessing = 0;
		};
/* End PBXResourcesBuildPhase section */

/* Begin PBXSourcesBuildPhase section */
		A5CB6D1F2C45075A00AF032B /* Sources */ = {
			isa = PBXSourcesBuildPhase;
			buildActionMask = 2147483647;
			files = (
				A5BCE35E2C57CF95004BE4A8 /* CarouselFlowLayout.swift in Sources */,
				A5BCE3202C4AA6BD004BE4A8 /* ImageStorage.swift in Sources */,
				A5CB6D662C4584D000AF032B /* SavedPicturesConfigurator.swift in Sources */,
				A5BCE32B2C4E8CDA004BE4A8 /* SavedPicturesInteractorProtocol.swift in Sources */,
				A5CB6D5C2C457DE700AF032B /* SavedPicturesPresenter.swift in Sources */,
				A5CB6D2B2C45075A00AF032B /* DownloaderViewController.swift in Sources */,
				A5BCE31E2C4AA6A3004BE4A8 /* ImageDownloader.swift in Sources */,
				A5CB6D602C4580BA00AF032B /* SavedPicturesDelegate.swift in Sources */,
				A5CB6D682C465C7400AF032B /* Constants.swift in Sources */,
				A5CB6D522C45419700AF032B /* TabbarController.swift in Sources */,
				A5BCE34C2C53A396004BE4A8 /* ImageDetailViewController.swift in Sources */,
				A5CB6D6E2C4685DE00AF032B /* TabbarConfigurator.swift in Sources */,
				A5BCE3332C4E8F78004BE4A8 /* DownloaderPresenterProtocol.swift in Sources */,
				A5BCE3312C4E8F4F004BE4A8 /* DownloaderViewProtocol.swift in Sources */,
				A5BCE3992C621B05004BE4A8 /* TabbarInteractor.swift in Sources */,
				A5CB6D402C450EE300AF032B /* DownloaderConfigurator.swift in Sources */,
				A5BCE3582C53E002004BE4A8 /* ImageDetailRouterInputProtocol.swift in Sources */,
				A5CB6D272C45075A00AF032B /* AppDelegate.swift in Sources */,
				A5BCE39B2C621B57004BE4A8 /* TabbarInteractorInputProtocol.swift in Sources */,
				A5BCE3932C610FBD004BE4A8 /* TabbarPresenter.swift in Sources */,
				A5BCE33B2C4FB3F9004BE4A8 /* SavedPictureCell.swift in Sources */,
				A5BCE3442C53A217004BE4A8 /* SavedPicturesRouter.swift in Sources */,
				A5BCE32D2C4E8E7E004BE4A8 /* TabbarViewProtocol.swift in Sources */,
				A5BCE3252C4E8C0A004BE4A8 /* SavedPicturesConfiguratorProtocol.swift in Sources */,
				A5BCE3352C4E8FBF004BE4A8 /* DownloaderInteractorProtocol.swift in Sources */,
				A5BCE32F2C4E8E9C004BE4A8 /* TabbarConfiguratorProtocol.swift in Sources */,
				A5BCE35A2C53E093004BE4A8 /* ImageDetailViewInputProtocol.swift in Sources */,
				A5CB6D632C45842900AF032B /* SavedPicturesInteractor.swift in Sources */,
				A5CB6D5E2C45802E00AF032B /* SavedPicturesDataSource.swift in Sources */,
				A5CB6D292C45075A00AF032B /* SceneDelegate.swift in Sources */,
				A5BCE3372C4E8FFA004BE4A8 /* DownloaderConfiguratorProtocol.swift in Sources */,
				A5BCE3962C611049004BE4A8 /* TabbarOutputProtocol.swift in Sources */,
				A5BCE3392C4EB104004BE4A8 /* DownloaderTextFieldDelegate.swift in Sources */,
				A5BCE3272C4E8C3F004BE4A8 /* SavedPicturesViewProtocol.swift in Sources */,
				A5BCE3222C4AAD15004BE4A8 /* ManagerProtocols.swift in Sources */,
				A5BCE3292C4E8CA4004BE4A8 /* SavedPicturesPresenterProtocol.swift in Sources */,
				A5BCE34E2C53A44B004BE4A8 /* ImageDetailConfigurator.swift in Sources */,
				A5BCE3542C53DB9B004BE4A8 /* ImageDetailOutputProtocol.swift in Sources */,
				A5BCE33F2C5270CB004BE4A8 /* KeychainHelper.swift in Sources */,
				A5BCE3502C53A6F5004BE4A8 /* SavedPicturesRouterInputProtocol.swift in Sources */,
				A5BCE39D2C622884004BE4A8 /* DeepLinkHandler.swift in Sources */,
				A5BCE3562C53DF22004BE4A8 /* ImageDetailRouter.swift in Sources */,
				A5CB6D492C451E6200AF032B /* DownloaderPresenter.swift in Sources */,
				A5BCE3522C53DB4F004BE4A8 /* ImageDetailPresenter.swift in Sources */,
				A5CB6D4B2C452B4B00AF032B /* DownloaderInteractor.swift in Sources */,
				A5BCE33D2C52454E004BE4A8 /* ImageEncryptor.swift in Sources */,
				A5BCE39F2C6399D4004BE4A8 /* NotificationManager.swift in Sources */,
				A5BCE3412C52AA49004BE4A8 /* Extension.swift in Sources */,
				A5CB6D552C4543D900AF032B /* SavedPicturesViewController.swift in Sources */,
			);
			runOnlyForDeploymentPostprocessing = 0;
		};
/* End PBXSourcesBuildPhase section */

/* Begin PBXVariantGroup section */
		A5CB6D312C45075B00AF032B /* LaunchScreen.storyboard */ = {
			isa = PBXVariantGroup;
			children = (
				A5CB6D322C45075B00AF032B /* Base */,
			);
			name = LaunchScreen.storyboard;
			sourceTree = "<group>";
		};
/* End PBXVariantGroup section */

/* Begin XCBuildConfiguration section */
		A5CB6D352C45075B00AF032B /* Debug */ = {
			isa = XCBuildConfiguration;
			buildSettings = {
				ALWAYS_SEARCH_USER_PATHS = NO;
				CLANG_ANALYZER_NONNULL = YES;
				CLANG_ANALYZER_NUMBER_OBJECT_CONVERSION = YES_AGGRESSIVE;
				CLANG_CXX_LANGUAGE_STANDARD = "gnu++20";
				CLANG_ENABLE_MODULES = YES;
				CLANG_ENABLE_OBJC_ARC = YES;
				CLANG_ENABLE_OBJC_WEAK = YES;
				CLANG_WARN_BLOCK_CAPTURE_AUTORELEASING = YES;
				CLANG_WARN_BOOL_CONVERSION = YES;
				CLANG_WARN_COMMA = YES;
				CLANG_WARN_CONSTANT_CONVERSION = YES;
				CLANG_WARN_DEPRECATED_OBJC_IMPLEMENTATIONS = YES;
				CLANG_WARN_DIRECT_OBJC_ISA_USAGE = YES_ERROR;
				CLANG_WARN_DOCUMENTATION_COMMENTS = YES;
				CLANG_WARN_EMPTY_BODY = YES;
				CLANG_WARN_ENUM_CONVERSION = YES;
				CLANG_WARN_INFINITE_RECURSION = YES;
				CLANG_WARN_INT_CONVERSION = YES;
				CLANG_WARN_NON_LITERAL_NULL_CONVERSION = YES;
				CLANG_WARN_OBJC_IMPLICIT_RETAIN_SELF = YES;
				CLANG_WARN_OBJC_LITERAL_CONVERSION = YES;
				CLANG_WARN_OBJC_ROOT_CLASS = YES_ERROR;
				CLANG_WARN_QUOTED_INCLUDE_IN_FRAMEWORK_HEADER = YES;
				CLANG_WARN_RANGE_LOOP_ANALYSIS = YES;
				CLANG_WARN_STRICT_PROTOTYPES = YES;
				CLANG_WARN_SUSPICIOUS_MOVE = YES;
				CLANG_WARN_UNGUARDED_AVAILABILITY = YES_AGGRESSIVE;
				CLANG_WARN_UNREACHABLE_CODE = YES;
				CLANG_WARN__DUPLICATE_METHOD_MATCH = YES;
				COPY_PHASE_STRIP = NO;
				DEBUG_INFORMATION_FORMAT = dwarf;
				ENABLE_STRICT_OBJC_MSGSEND = YES;
				ENABLE_TESTABILITY = YES;
				GCC_C_LANGUAGE_STANDARD = gnu11;
				GCC_DYNAMIC_NO_PIC = NO;
				GCC_NO_COMMON_BLOCKS = YES;
				GCC_OPTIMIZATION_LEVEL = 0;
				GCC_PREPROCESSOR_DEFINITIONS = (
					"DEBUG=1",
					"$(inherited)",
				);
				GCC_WARN_64_TO_32_BIT_CONVERSION = YES;
				GCC_WARN_ABOUT_RETURN_TYPE = YES_ERROR;
				GCC_WARN_UNDECLARED_SELECTOR = YES;
				GCC_WARN_UNINITIALIZED_AUTOS = YES_AGGRESSIVE;
				GCC_WARN_UNUSED_FUNCTION = YES;
				GCC_WARN_UNUSED_VARIABLE = YES;
				IPHONEOS_DEPLOYMENT_TARGET = 16.4;
				MTL_ENABLE_DEBUG_INFO = INCLUDE_SOURCE;
				MTL_FAST_MATH = YES;
				ONLY_ACTIVE_ARCH = YES;
				SDKROOT = iphoneos;
				SWIFT_ACTIVE_COMPILATION_CONDITIONS = DEBUG;
				SWIFT_OPTIMIZATION_LEVEL = "-Onone";
			};
			name = Debug;
		};
		A5CB6D362C45075B00AF032B /* Release */ = {
			isa = XCBuildConfiguration;
			buildSettings = {
				ALWAYS_SEARCH_USER_PATHS = NO;
				CLANG_ANALYZER_NONNULL = YES;
				CLANG_ANALYZER_NUMBER_OBJECT_CONVERSION = YES_AGGRESSIVE;
				CLANG_CXX_LANGUAGE_STANDARD = "gnu++20";
				CLANG_ENABLE_MODULES = YES;
				CLANG_ENABLE_OBJC_ARC = YES;
				CLANG_ENABLE_OBJC_WEAK = YES;
				CLANG_WARN_BLOCK_CAPTURE_AUTORELEASING = YES;
				CLANG_WARN_BOOL_CONVERSION = YES;
				CLANG_WARN_COMMA = YES;
				CLANG_WARN_CONSTANT_CONVERSION = YES;
				CLANG_WARN_DEPRECATED_OBJC_IMPLEMENTATIONS = YES;
				CLANG_WARN_DIRECT_OBJC_ISA_USAGE = YES_ERROR;
				CLANG_WARN_DOCUMENTATION_COMMENTS = YES;
				CLANG_WARN_EMPTY_BODY = YES;
				CLANG_WARN_ENUM_CONVERSION = YES;
				CLANG_WARN_INFINITE_RECURSION = YES;
				CLANG_WARN_INT_CONVERSION = YES;
				CLANG_WARN_NON_LITERAL_NULL_CONVERSION = YES;
				CLANG_WARN_OBJC_IMPLICIT_RETAIN_SELF = YES;
				CLANG_WARN_OBJC_LITERAL_CONVERSION = YES;
				CLANG_WARN_OBJC_ROOT_CLASS = YES_ERROR;
				CLANG_WARN_QUOTED_INCLUDE_IN_FRAMEWORK_HEADER = YES;
				CLANG_WARN_RANGE_LOOP_ANALYSIS = YES;
				CLANG_WARN_STRICT_PROTOTYPES = YES;
				CLANG_WARN_SUSPICIOUS_MOVE = YES;
				CLANG_WARN_UNGUARDED_AVAILABILITY = YES_AGGRESSIVE;
				CLANG_WARN_UNREACHABLE_CODE = YES;
				CLANG_WARN__DUPLICATE_METHOD_MATCH = YES;
				COPY_PHASE_STRIP = NO;
				DEBUG_INFORMATION_FORMAT = "dwarf-with-dsym";
				ENABLE_NS_ASSERTIONS = NO;
				ENABLE_STRICT_OBJC_MSGSEND = YES;
				GCC_C_LANGUAGE_STANDARD = gnu11;
				GCC_NO_COMMON_BLOCKS = YES;
				GCC_WARN_64_TO_32_BIT_CONVERSION = YES;
				GCC_WARN_ABOUT_RETURN_TYPE = YES_ERROR;
				GCC_WARN_UNDECLARED_SELECTOR = YES;
				GCC_WARN_UNINITIALIZED_AUTOS = YES_AGGRESSIVE;
				GCC_WARN_UNUSED_FUNCTION = YES;
				GCC_WARN_UNUSED_VARIABLE = YES;
				IPHONEOS_DEPLOYMENT_TARGET = 16.4;
				MTL_ENABLE_DEBUG_INFO = NO;
				MTL_FAST_MATH = YES;
				SDKROOT = iphoneos;
				SWIFT_COMPILATION_MODE = wholemodule;
				SWIFT_OPTIMIZATION_LEVEL = "-O";
				VALIDATE_PRODUCT = YES;
			};
			name = Release;
		};
		A5CB6D382C45075B00AF032B /* Debug */ = {
			isa = XCBuildConfiguration;
			buildSettings = {
				ASSETCATALOG_COMPILER_APPICON_NAME = AppIcon;
				ASSETCATALOG_COMPILER_GLOBAL_ACCENT_COLOR_NAME = AccentColor;
				CODE_SIGN_STYLE = Automatic;
				CURRENT_PROJECT_VERSION = 1;
				DEVELOPMENT_TEAM = BMA5QWL5H6;
				GENERATE_INFOPLIST_FILE = YES;
				INFOPLIST_FILE = pictureDownloader/Info.plist;
				INFOPLIST_KEY_UIApplicationSupportsIndirectInputEvents = YES;
				INFOPLIST_KEY_UILaunchStoryboardName = LaunchScreen;
				INFOPLIST_KEY_UISupportedInterfaceOrientations_iPad = "UIInterfaceOrientationPortrait UIInterfaceOrientationPortraitUpsideDown UIInterfaceOrientationLandscapeLeft UIInterfaceOrientationLandscapeRight";
				INFOPLIST_KEY_UISupportedInterfaceOrientations_iPhone = "UIInterfaceOrientationPortrait UIInterfaceOrientationLandscapeLeft UIInterfaceOrientationLandscapeRight";
				LD_RUNPATH_SEARCH_PATHS = (
					"$(inherited)",
					"@executable_path/Frameworks",
				);
				MARKETING_VERSION = 1.0;
				PRODUCT_BUNDLE_IDENTIFIER = kkg.pictureDownloader;
				PRODUCT_NAME = "$(TARGET_NAME)";
				SWIFT_EMIT_LOC_STRINGS = YES;
				SWIFT_VERSION = 5.0;
				TARGETED_DEVICE_FAMILY = "1,2";
			};
			name = Debug;
		};
		A5CB6D392C45075B00AF032B /* Release */ = {
			isa = XCBuildConfiguration;
			buildSettings = {
				ASSETCATALOG_COMPILER_APPICON_NAME = AppIcon;
				ASSETCATALOG_COMPILER_GLOBAL_ACCENT_COLOR_NAME = AccentColor;
				CODE_SIGN_STYLE = Automatic;
				CURRENT_PROJECT_VERSION = 1;
				DEVELOPMENT_TEAM = BMA5QWL5H6;
				GENERATE_INFOPLIST_FILE = YES;
				INFOPLIST_FILE = pictureDownloader/Info.plist;
				INFOPLIST_KEY_UIApplicationSupportsIndirectInputEvents = YES;
				INFOPLIST_KEY_UILaunchStoryboardName = LaunchScreen;
				INFOPLIST_KEY_UISupportedInterfaceOrientations_iPad = "UIInterfaceOrientationPortrait UIInterfaceOrientationPortraitUpsideDown UIInterfaceOrientationLandscapeLeft UIInterfaceOrientationLandscapeRight";
				INFOPLIST_KEY_UISupportedInterfaceOrientations_iPhone = "UIInterfaceOrientationPortrait UIInterfaceOrientationLandscapeLeft UIInterfaceOrientationLandscapeRight";
				LD_RUNPATH_SEARCH_PATHS = (
					"$(inherited)",
					"@executable_path/Frameworks",
				);
				MARKETING_VERSION = 1.0;
				PRODUCT_BUNDLE_IDENTIFIER = kkg.pictureDownloader;
				PRODUCT_NAME = "$(TARGET_NAME)";
				SWIFT_EMIT_LOC_STRINGS = YES;
				SWIFT_VERSION = 5.0;
				TARGETED_DEVICE_FAMILY = "1,2";
			};
			name = Release;
		};
/* End XCBuildConfiguration section */

/* Begin XCConfigurationList section */
		A5CB6D1E2C45075A00AF032B /* Build configuration list for PBXProject "pictureDownloader" */ = {
			isa = XCConfigurationList;
			buildConfigurations = (
				A5CB6D352C45075B00AF032B /* Debug */,
				A5CB6D362C45075B00AF032B /* Release */,
			);
			defaultConfigurationIsVisible = 0;
			defaultConfigurationName = Release;
		};
		A5CB6D372C45075B00AF032B /* Build configuration list for PBXNativeTarget "pictureDownloader" */ = {
			isa = XCConfigurationList;
			buildConfigurations = (
				A5CB6D382C45075B00AF032B /* Debug */,
				A5CB6D392C45075B00AF032B /* Release */,
			);
			defaultConfigurationIsVisible = 0;
			defaultConfigurationName = Release;
		};
/* End XCConfigurationList section */
	};
	rootObject = A5CB6D1B2C45075A00AF032B /* Project object */;
}
